hash: 6ee19f73b310cdaa51b81aab659f6415bddf12734e860290a60bc9f666c92f7e
updated: 2019-09-08T00:19:02.223096-04:00
imports:
- name: github.com/gin-contrib/sse
  version: 43f0f29dbd2b3f0feeebff91fd9cda22db296938
- name: github.com/gin-gonic/contrib
  version: 7fb7810ed2a0c49532e0005d77953bb5572f0525
  subpackages:
  - static
- name: github.com/gin-gonic/gin
  version: f38c30a0d2f56c54397543f08902b00260c70ff6
  subpackages:
  - binding
  - internal/json
  - render
- name: github.com/go-playground/locales
  version: 630ebbb602847eba93e75ae38bbc7bb7abcf1ff3
  subpackages:
  - currency
- name: github.com/go-playground/universal-translator
  version: 71201497bace774495daed26a3874fd339e0b538
- name: github.com/golang/protobuf
  version: 822fe56949f5d56c9e2f02367c657e0e9b4d27d1
  subpackages:
  - proto
- name: github.com/json-iterator/go
  version: 27518f6661eba504be5a7a9a9f6d9460d892ade3
- name: github.com/kirbocannon/gospotify
  version: 610fd20b486d67dda1439ef2c78c7b900b7ec3ae
  subpackages:
  - internal/logger
- name: github.com/konsorten/go-windows-terminal-sequences
  version: f55edac94c9bbba5d6182a4be46d86a2c9b5b50e
- name: github.com/leodido/go-urn
  version: a67a23e1c1af3c66528573bb86a87246477277c1
- name: github.com/mattn/go-isatty
  version: bf9a1dea1961e1d831824fb135332bfb8c10e8b8
- name: github.com/modern-go/concurrent
  version: bacd9c7ef1dd9b15be4a9909b8ac7a4e313eec94
- name: github.com/modern-go/reflect2
  version: 94122c33edd36123c84d5368cfb2b69df93a0ec8
- name: github.com/sirupsen/logrus
  version: de736cf91b921d56253b4010270681d33fdf7cb5
- name: github.com/ugorji/go
  version: 42bc974514ff101a54c6b72a0e4dee29d96c0b26
  subpackages:
  - codec
- name: github.com/zmb3/spotify
  version: 5159bf56b13dec33353d18e2903f44f3c1fd6363
- name: golang.org/x/net
  version: ba9fcec4b297b415637633c5a6e8fa592e4a16c3
  subpackages:
  - context
  - context/ctxhttp
- name: golang.org/x/oauth2
  version: 0f29369cfe4552d0e4bcddc57cc75f4d7e672a33
  subpackages:
  - clientcredentials
  - internal
- name: golang.org/x/sys
  version: d223b2b6db03988709bac9e66576ad6ec0d83695
  subpackages:
  - unix
- name: google.golang.org/appengine
  version: 5f2a59506353b8d5ba8cbbcd9f3c1f41f1eaf079
  subpackages:
  - internal
  - internal/base
  - internal/datastore
  - internal/log
  - internal/remote_api
  - internal/urlfetch
  - urlfetch
- name: gopkg.in/go-playground/validator.v9
  version: 556b9da3c05f2a935bc086fb5a0bb55dd8112d2d
- name: gopkg.in/yaml.v2
  version: 51d6538a90f86fe93ac480b35f37b2be17fef232
testImports: []
