hash: a812b0849a91a6c7ef9b65c293c0c4b9e4b915218ec567e4ac4774645f794eaa
updated: 2019-07-28T00:42:07.558516-04:00
imports:
- name: github.com/golang/protobuf
  version: 6c65a5562fc06764971b7c5d05c76c75e84bdbf7
  subpackages:
  - proto
- name: github.com/konsorten/go-windows-terminal-sequences
  version: f55edac94c9bbba5d6182a4be46d86a2c9b5b50e
- name: github.com/sirupsen/logrus
  version: 07a84ee7412e7a28663d92930a1d46f81b124ee1
- name: github.com/theillego/gospotify
  version: 117892d24c95efcb202df58825c6c28a744f64e9
  subpackages:
  - internal/logger
- name: github.com/zmb3/spotify
  version: 5159bf56b13dec33353d18e2903f44f3c1fd6363
- name: golang.org/x/net
  version: ca1201d0de80cfde86cb01aea620983605dfe99b
  subpackages:
  - context
  - context/ctxhttp
- name: golang.org/x/oauth2
  version: 0f29369cfe4552d0e4bcddc57cc75f4d7e672a33
  subpackages:
  - clientcredentials
  - internal
- name: golang.org/x/sys
  version: fc99dfbffb4e5ed5758a37e31dd861afe285406b
  subpackages:
  - unix
- name: google.golang.org/appengine
  version: b2f4a3cf3c67576a2ee09e1fe62656a5086ce880
  subpackages:
  - internal
  - internal/base
  - internal/datastore
  - internal/log
  - internal/remote_api
  - internal/urlfetch
  - urlfetch
- name: gopkg.in/yaml.v2
  version: 51d6538a90f86fe93ac480b35f37b2be17fef232
testImports: []
